
Microsoft Visual Studio Solution File, Format Version 12.00
# Visual Studio 2012
Project("{FAE04EC0-301F-11D3-BF4B-00C04F79EFBC}") = "StoryMapper.UI", "StoryMapper.UI\StoryMapper.UI.csproj", "{6A3D43CD-FD2A-465E-9D32-D17455521CB6}"
EndProject
Project("{2150E333-8FDC-42A3-9474-1A3956D46DE8}") = "Application", "Application", "{E20302FD-66F1-4926-AA06-A9026472C246}"
EndProject
Project("{2150E333-8FDC-42A3-9474-1A3956D46DE8}") = "Tests", "Tests", "{7EF6DF14-4059-4AA4-A046-4E386A2B8BBE}"
EndProject
Project("{FAE04EC0-301F-11D3-BF4B-00C04F79EFBC}") = "StoryMapper.UI.Tests", "StoryMapper.UI.Tests\StoryMapper.UI.Tests.csproj", "{FA1275C5-137F-4EE0-8E5B-5783CF62F807}"
EndProject
Project("{FAE04EC0-301F-11D3-BF4B-00C04F79EFBC}") = "StoryMapper.Core", "StoryMapper.Core\StoryMapper.Core.csproj", "{D045D91C-5DED-4A0C-B001-1DFD512E81D7}"
EndProject
Project("{2150E333-8FDC-42A3-9474-1A3956D46DE8}") = "Domain", "Domain", "{218A282A-D3F5-4DB2-81FE-6B6971171E02}"
EndProject
Project("{FAE04EC0-301F-11D3-BF4B-00C04F79EFBC}") = "StoryMapper.Core.Tests", "StoryMapper.Core.Tests\StoryMapper.Core.Tests.csproj", "{C643FD2A-F86B-4DF5-AFEC-F3999DF2FA51}"
EndProject
Project("{FAE04EC0-301F-11D3-BF4B-00C04F79EFBC}") = "StoryMapper.Core.Mocks", "StoryMapper.Core.Mocks\StoryMapper.Core.Mocks.csproj", "{434A55DB-1B17-4636-810F-C20657D6A7B4}"
EndProject
Global
	GlobalSection(SolutionConfigurationPlatforms) = preSolution
		Debug|Any CPU = Debug|Any CPU
		Release|Any CPU = Release|Any CPU
	EndGlobalSection
	GlobalSection(ProjectConfigurationPlatforms) = postSolution
		{434A55DB-1B17-4636-810F-C20657D6A7B4}.Debug|Any CPU.ActiveCfg = Debug|Any CPU
		{434A55DB-1B17-4636-810F-C20657D6A7B4}.Debug|Any CPU.Build.0 = Debug|Any CPU
		{434A55DB-1B17-4636-810F-C20657D6A7B4}.Release|Any CPU.ActiveCfg = Release|Any CPU
		{434A55DB-1B17-4636-810F-C20657D6A7B4}.Release|Any CPU.Build.0 = Release|Any CPU
		{6A3D43CD-FD2A-465E-9D32-D17455521CB6}.Debug|Any CPU.ActiveCfg = Debug|Any CPU
		{6A3D43CD-FD2A-465E-9D32-D17455521CB6}.Debug|Any CPU.Build.0 = Debug|Any CPU
		{6A3D43CD-FD2A-465E-9D32-D17455521CB6}.Release|Any CPU.ActiveCfg = Release|Any CPU
		{6A3D43CD-FD2A-465E-9D32-D17455521CB6}.Release|Any CPU.Build.0 = Release|Any CPU
		{C643FD2A-F86B-4DF5-AFEC-F3999DF2FA51}.Debug|Any CPU.ActiveCfg = Debug|Any CPU
		{C643FD2A-F86B-4DF5-AFEC-F3999DF2FA51}.Debug|Any CPU.Build.0 = Debug|Any CPU
		{C643FD2A-F86B-4DF5-AFEC-F3999DF2FA51}.Release|Any CPU.ActiveCfg = Release|Any CPU
		{C643FD2A-F86B-4DF5-AFEC-F3999DF2FA51}.Release|Any CPU.Build.0 = Release|Any CPU
		{D045D91C-5DED-4A0C-B001-1DFD512E81D7}.Debug|Any CPU.ActiveCfg = Debug|Any CPU
		{D045D91C-5DED-4A0C-B001-1DFD512E81D7}.Debug|Any CPU.Build.0 = Debug|Any CPU
		{D045D91C-5DED-4A0C-B001-1DFD512E81D7}.Release|Any CPU.ActiveCfg = Release|Any CPU
		{D045D91C-5DED-4A0C-B001-1DFD512E81D7}.Release|Any CPU.Build.0 = Release|Any CPU
		{FA1275C5-137F-4EE0-8E5B-5783CF62F807}.Debug|Any CPU.ActiveCfg = Debug|Any CPU
		{FA1275C5-137F-4EE0-8E5B-5783CF62F807}.Debug|Any CPU.Build.0 = Debug|Any CPU
		{FA1275C5-137F-4EE0-8E5B-5783CF62F807}.Release|Any CPU.ActiveCfg = Release|Any CPU
		{FA1275C5-137F-4EE0-8E5B-5783CF62F807}.Release|Any CPU.Build.0 = Release|Any CPU
	EndGlobalSection
	GlobalSection(SolutionProperties) = preSolution
		HideSolutionNode = FALSE
	EndGlobalSection
	GlobalSection(NestedProjects) = preSolution
		{434A55DB-1B17-4636-810F-C20657D6A7B4} = {7EF6DF14-4059-4AA4-A046-4E386A2B8BBE}
		{6A3D43CD-FD2A-465E-9D32-D17455521CB6} = {E20302FD-66F1-4926-AA06-A9026472C246}
		{C643FD2A-F86B-4DF5-AFEC-F3999DF2FA51} = {7EF6DF14-4059-4AA4-A046-4E386A2B8BBE}
		{D045D91C-5DED-4A0C-B001-1DFD512E81D7} = {218A282A-D3F5-4DB2-81FE-6B6971171E02}
		{FA1275C5-137F-4EE0-8E5B-5783CF62F807} = {7EF6DF14-4059-4AA4-A046-4E386A2B8BBE}
	EndGlobalSection
EndGlobal
